
Microsoft Visual Studio Solution File, Format Version 12.00
Project("{2150E333-8FDC-42A3-9474-1A3956D46DE8}") = "src", "src", "{A6016F2C-92DE-47A1-8EC9-1DB924D9AAEB}"
EndProject
Project("{2150E333-8FDC-42A3-9474-1A3956D46DE8}") = "test", "test", "{911A6857-282B-46A8-A375-8AC7CDC719F1}"
EndProject
Project("{2150E333-8FDC-42A3-9474-1A3956D46DE8}") = "apps", "apps", "{882F1C46-DFA6-46EF-9C93-26C4A0C62D0F}"
EndProject
Project("{FAE04EC0-301F-11D3-BF4B-00C04F79EFBC}") = "Addresses", "src\Addresses\Addresses.csproj", "{764E0BCE-5465-4772-B966-5E7865DD82E3}"
EndProject
Project("{FAE04EC0-301F-11D3-BF4B-00C04F79EFBC}") = "Shared", "src\Shared\Shared.csproj", "{71EA8109-2F78-485D-9ACA-93B2CAB69BA4}"
EndProject
Project("{FAE04EC0-301F-11D3-BF4B-00C04F79EFBC}") = "Addresses.Api", "apps\Addresses.Api\Addresses.Api.csproj", "{F560EFF4-EB51-4F3D-A0F8-6658A6A50257}"
EndProject
Project("{FAE04EC0-301F-11D3-BF4B-00C04F79EFBC}") = "Companies", "src\Companies\Companies.csproj", "{34966482-FFBE-46CB-8242-224622A2CA18}"
EndProject
Project("{FAE04EC0-301F-11D3-BF4B-00C04F79EFBC}") = "Companies.Api", "apps\Companies.Api\Companies.Api.csproj", "{CBF84DAD-EE00-4AE5-B3EC-402741B289C2}"
EndProject
Project("{2150E333-8FDC-42A3-9474-1A3956D46DE8}") = "src", "src", "{0E960D64-5DE1-433D-8456-B82244DA8E32}"
EndProject
Project("{2150E333-8FDC-42A3-9474-1A3956D46DE8}") = "apps", "apps", "{AC158A59-206F-421C-A848-73CC151E0E10}"
EndProject
Project("{FAE04EC0-301F-11D3-BF4B-00C04F79EFBC}") = "Test.Shared", "test\src\Test.Shared\Test.Shared.csproj", "{664A23F2-4814-4353-9F89-BBAFA183BFF6}"
EndProject
Project("{FAE04EC0-301F-11D3-BF4B-00C04F79EFBC}") = "Test.Companies", "test\src\Test.Companies\Test.Companies.csproj", "{2DD09A72-E088-4604-9B15-B1200E9039FE}"
EndProject
Project("{FAE04EC0-301F-11D3-BF4B-00C04F79EFBC}") = "Test.Addresses", "test\src\Test.Addresses\Test.Addresses.csproj", "{E5955AC9-64BB-4D1E-803F-FC7F20913470}"
EndProject
Project("{FAE04EC0-301F-11D3-BF4B-00C04F79EFBC}") = "Test.Companies.Api", "test\apps\Test.Companies.Api\Test.Companies.Api.csproj", "{F7F82E84-9957-4E9E-88DB-4F35A5B9DFA5}"
EndProject
Project("{FAE04EC0-301F-11D3-BF4B-00C04F79EFBC}") = "Test.Addresses.Api", "test\apps\Test.Addresses.Api\Test.Addresses.Api.csproj", "{1ADA2499-C929-4B2A-B4D9-9BEBC86C1284}"
EndProject
Project("{FAE04EC0-301F-11D3-BF4B-00C04F79EFBC}") = "Routes", "src\Routes\Routes.csproj", "{FFE8E61F-772B-408E-BB64-5EC028AF8C19}"
EndProject
Project("{FAE04EC0-301F-11D3-BF4B-00C04F79EFBC}") = "Routes.Api", "apps\Routes.Api\Routes.Api.csproj", "{77297997-78DF-454D-A547-DCE91B7915C7}"
EndProject
Project("{FAE04EC0-301F-11D3-BF4B-00C04F79EFBC}") = "Test.Routes", "test\src\Test.Routes\Test.Routes.csproj", "{9304863A-A61A-44EF-A33E-5B27E6D218FA}"
EndProject
Project("{FAE04EC0-301F-11D3-BF4B-00C04F79EFBC}") = "Test.Routes.Api", "test\apps\Test.Routes.Api\Test.Routes.Api.csproj", "{07D144E7-E4A7-410F-BA1E-91D67B01E976}"
EndProject
Project("{FAE04EC0-301F-11D3-BF4B-00C04F79EFBC}") = "Employees", "src\Employees\Employees.csproj", "{F010A518-EB33-4D76-97F3-65CA1D8766BA}"
EndProject
Project("{FAE04EC0-301F-11D3-BF4B-00C04F79EFBC}") = "Employees.Api", "apps\Employees.Api\Employees.Api.csproj", "{63FF828F-5143-4689-AA3F-6649D2A25F45}"
EndProject
Project("{2150E333-8FDC-42A3-9474-1A3956D46DE8}") = "k8s", "k8s", "{A177CB9E-FAB8-495D-AF00-AC9EC1DC4EC1}"
	ProjectSection(SolutionItems) = preProject
		k8s\posgres-deploy.yml = k8s\posgres-deploy.yml
		k8s\local-pvc.yml = k8s\local-pvc.yml
		k8s\addresses-deploy.yml = k8s\addresses-deploy.yml
		k8s\ingress-service.yml = k8s\ingress-service.yml
		k8s\rabbitmq-deploy.yml = k8s\rabbitmq-deploy.yml
		k8s\companies-deploy.yml = k8s\companies-deploy.yml
		k8s\employees-deploy.yml = k8s\employees-deploy.yml
		k8s\routes-deploy.yml = k8s\routes-deploy.yml
		k8s\vehicles-deploy.yml = k8s\vehicles-deploy.yml
		k8s\logging-deploy.yml = k8s\logging-deploy.yml
	EndProjectSection
EndProject
Project("{FAE04EC0-301F-11D3-BF4B-00C04F79EFBC}") = "Test.Employees", "test\src\Test.Employees\Test.Employees.csproj", "{1846D8C5-B5EC-407B-8251-6E7587F9706C}"
EndProject
Project("{FAE04EC0-301F-11D3-BF4B-00C04F79EFBC}") = "Vehicles", "src\Vehicles\Vehicles.csproj", "{78BCFD79-E136-4ABC-B63E-67EC4760F79F}"
EndProject
Project("{FAE04EC0-301F-11D3-BF4B-00C04F79EFBC}") = "Vehicles.Api", "apps\Vehicles.Api\Vehicles.Api.csproj", "{78D48636-5C17-4AF8-8818-F1F5ECDB198D}"
EndProject
Global
	GlobalSection(SolutionConfigurationPlatforms) = preSolution
		Debug|Any CPU = Debug|Any CPU
		Release|Any CPU = Release|Any CPU
	EndGlobalSection
	GlobalSection(NestedProjects) = preSolution
		{764E0BCE-5465-4772-B966-5E7865DD82E3} = {A6016F2C-92DE-47A1-8EC9-1DB924D9AAEB}
		{71EA8109-2F78-485D-9ACA-93B2CAB69BA4} = {A6016F2C-92DE-47A1-8EC9-1DB924D9AAEB}
		{F560EFF4-EB51-4F3D-A0F8-6658A6A50257} = {882F1C46-DFA6-46EF-9C93-26C4A0C62D0F}
		{34966482-FFBE-46CB-8242-224622A2CA18} = {A6016F2C-92DE-47A1-8EC9-1DB924D9AAEB}
		{CBF84DAD-EE00-4AE5-B3EC-402741B289C2} = {882F1C46-DFA6-46EF-9C93-26C4A0C62D0F}
		{0E960D64-5DE1-433D-8456-B82244DA8E32} = {911A6857-282B-46A8-A375-8AC7CDC719F1}
		{AC158A59-206F-421C-A848-73CC151E0E10} = {911A6857-282B-46A8-A375-8AC7CDC719F1}
		{664A23F2-4814-4353-9F89-BBAFA183BFF6} = {0E960D64-5DE1-433D-8456-B82244DA8E32}
		{2DD09A72-E088-4604-9B15-B1200E9039FE} = {0E960D64-5DE1-433D-8456-B82244DA8E32}
		{E5955AC9-64BB-4D1E-803F-FC7F20913470} = {0E960D64-5DE1-433D-8456-B82244DA8E32}
		{F7F82E84-9957-4E9E-88DB-4F35A5B9DFA5} = {AC158A59-206F-421C-A848-73CC151E0E10}
		{1ADA2499-C929-4B2A-B4D9-9BEBC86C1284} = {AC158A59-206F-421C-A848-73CC151E0E10}
		{FFE8E61F-772B-408E-BB64-5EC028AF8C19} = {A6016F2C-92DE-47A1-8EC9-1DB924D9AAEB}
		{77297997-78DF-454D-A547-DCE91B7915C7} = {882F1C46-DFA6-46EF-9C93-26C4A0C62D0F}
		{9304863A-A61A-44EF-A33E-5B27E6D218FA} = {0E960D64-5DE1-433D-8456-B82244DA8E32}
		{07D144E7-E4A7-410F-BA1E-91D67B01E976} = {AC158A59-206F-421C-A848-73CC151E0E10}
		{F010A518-EB33-4D76-97F3-65CA1D8766BA} = {A6016F2C-92DE-47A1-8EC9-1DB924D9AAEB}
		{63FF828F-5143-4689-AA3F-6649D2A25F45} = {882F1C46-DFA6-46EF-9C93-26C4A0C62D0F}
		{1846D8C5-B5EC-407B-8251-6E7587F9706C} = {0E960D64-5DE1-433D-8456-B82244DA8E32}
		{78BCFD79-E136-4ABC-B63E-67EC4760F79F} = {A6016F2C-92DE-47A1-8EC9-1DB924D9AAEB}
		{78D48636-5C17-4AF8-8818-F1F5ECDB198D} = {882F1C46-DFA6-46EF-9C93-26C4A0C62D0F}
	EndGlobalSection
	GlobalSection(ProjectConfigurationPlatforms) = postSolution
		{764E0BCE-5465-4772-B966-5E7865DD82E3}.Debug|Any CPU.ActiveCfg = Debug|Any CPU
		{764E0BCE-5465-4772-B966-5E7865DD82E3}.Debug|Any CPU.Build.0 = Debug|Any CPU
		{764E0BCE-5465-4772-B966-5E7865DD82E3}.Release|Any CPU.ActiveCfg = Release|Any CPU
		{764E0BCE-5465-4772-B966-5E7865DD82E3}.Release|Any CPU.Build.0 = Release|Any CPU
		{71EA8109-2F78-485D-9ACA-93B2CAB69BA4}.Debug|Any CPU.ActiveCfg = Debug|Any CPU
		{71EA8109-2F78-485D-9ACA-93B2CAB69BA4}.Debug|Any CPU.Build.0 = Debug|Any CPU
		{71EA8109-2F78-485D-9ACA-93B2CAB69BA4}.Release|Any CPU.ActiveCfg = Release|Any CPU
		{71EA8109-2F78-485D-9ACA-93B2CAB69BA4}.Release|Any CPU.Build.0 = Release|Any CPU
		{F560EFF4-EB51-4F3D-A0F8-6658A6A50257}.Debug|Any CPU.ActiveCfg = Debug|Any CPU
		{F560EFF4-EB51-4F3D-A0F8-6658A6A50257}.Debug|Any CPU.Build.0 = Debug|Any CPU
		{F560EFF4-EB51-4F3D-A0F8-6658A6A50257}.Release|Any CPU.ActiveCfg = Release|Any CPU
		{F560EFF4-EB51-4F3D-A0F8-6658A6A50257}.Release|Any CPU.Build.0 = Release|Any CPU
		{34966482-FFBE-46CB-8242-224622A2CA18}.Debug|Any CPU.ActiveCfg = Debug|Any CPU
		{34966482-FFBE-46CB-8242-224622A2CA18}.Debug|Any CPU.Build.0 = Debug|Any CPU
		{34966482-FFBE-46CB-8242-224622A2CA18}.Release|Any CPU.ActiveCfg = Release|Any CPU
		{34966482-FFBE-46CB-8242-224622A2CA18}.Release|Any CPU.Build.0 = Release|Any CPU
		{CBF84DAD-EE00-4AE5-B3EC-402741B289C2}.Debug|Any CPU.ActiveCfg = Debug|Any CPU
		{CBF84DAD-EE00-4AE5-B3EC-402741B289C2}.Debug|Any CPU.Build.0 = Debug|Any CPU
		{CBF84DAD-EE00-4AE5-B3EC-402741B289C2}.Release|Any CPU.ActiveCfg = Release|Any CPU
		{CBF84DAD-EE00-4AE5-B3EC-402741B289C2}.Release|Any CPU.Build.0 = Release|Any CPU
		{664A23F2-4814-4353-9F89-BBAFA183BFF6}.Debug|Any CPU.ActiveCfg = Debug|Any CPU
		{664A23F2-4814-4353-9F89-BBAFA183BFF6}.Debug|Any CPU.Build.0 = Debug|Any CPU
		{664A23F2-4814-4353-9F89-BBAFA183BFF6}.Release|Any CPU.ActiveCfg = Release|Any CPU
		{664A23F2-4814-4353-9F89-BBAFA183BFF6}.Release|Any CPU.Build.0 = Release|Any CPU
		{2DD09A72-E088-4604-9B15-B1200E9039FE}.Debug|Any CPU.ActiveCfg = Debug|Any CPU
		{2DD09A72-E088-4604-9B15-B1200E9039FE}.Debug|Any CPU.Build.0 = Debug|Any CPU
		{2DD09A72-E088-4604-9B15-B1200E9039FE}.Release|Any CPU.ActiveCfg = Release|Any CPU
		{2DD09A72-E088-4604-9B15-B1200E9039FE}.Release|Any CPU.Build.0 = Release|Any CPU
		{E5955AC9-64BB-4D1E-803F-FC7F20913470}.Debug|Any CPU.ActiveCfg = Debug|Any CPU
		{E5955AC9-64BB-4D1E-803F-FC7F20913470}.Debug|Any CPU.Build.0 = Debug|Any CPU
		{E5955AC9-64BB-4D1E-803F-FC7F20913470}.Release|Any CPU.ActiveCfg = Release|Any CPU
		{E5955AC9-64BB-4D1E-803F-FC7F20913470}.Release|Any CPU.Build.0 = Release|Any CPU
		{F7F82E84-9957-4E9E-88DB-4F35A5B9DFA5}.Debug|Any CPU.ActiveCfg = Debug|Any CPU
		{F7F82E84-9957-4E9E-88DB-4F35A5B9DFA5}.Debug|Any CPU.Build.0 = Debug|Any CPU
		{F7F82E84-9957-4E9E-88DB-4F35A5B9DFA5}.Release|Any CPU.ActiveCfg = Release|Any CPU
		{F7F82E84-9957-4E9E-88DB-4F35A5B9DFA5}.Release|Any CPU.Build.0 = Release|Any CPU
		{1ADA2499-C929-4B2A-B4D9-9BEBC86C1284}.Debug|Any CPU.ActiveCfg = Debug|Any CPU
		{1ADA2499-C929-4B2A-B4D9-9BEBC86C1284}.Debug|Any CPU.Build.0 = Debug|Any CPU
		{1ADA2499-C929-4B2A-B4D9-9BEBC86C1284}.Release|Any CPU.ActiveCfg = Release|Any CPU
		{1ADA2499-C929-4B2A-B4D9-9BEBC86C1284}.Release|Any CPU.Build.0 = Release|Any CPU
		{FFE8E61F-772B-408E-BB64-5EC028AF8C19}.Debug|Any CPU.ActiveCfg = Debug|Any CPU
		{FFE8E61F-772B-408E-BB64-5EC028AF8C19}.Debug|Any CPU.Build.0 = Debug|Any CPU
		{FFE8E61F-772B-408E-BB64-5EC028AF8C19}.Release|Any CPU.ActiveCfg = Release|Any CPU
		{FFE8E61F-772B-408E-BB64-5EC028AF8C19}.Release|Any CPU.Build.0 = Release|Any CPU
		{77297997-78DF-454D-A547-DCE91B7915C7}.Debug|Any CPU.ActiveCfg = Debug|Any CPU
		{77297997-78DF-454D-A547-DCE91B7915C7}.Debug|Any CPU.Build.0 = Debug|Any CPU
		{77297997-78DF-454D-A547-DCE91B7915C7}.Release|Any CPU.ActiveCfg = Release|Any CPU
		{77297997-78DF-454D-A547-DCE91B7915C7}.Release|Any CPU.Build.0 = Release|Any CPU
		{9304863A-A61A-44EF-A33E-5B27E6D218FA}.Debug|Any CPU.ActiveCfg = Debug|Any CPU
		{9304863A-A61A-44EF-A33E-5B27E6D218FA}.Debug|Any CPU.Build.0 = Debug|Any CPU
		{9304863A-A61A-44EF-A33E-5B27E6D218FA}.Release|Any CPU.ActiveCfg = Release|Any CPU
		{9304863A-A61A-44EF-A33E-5B27E6D218FA}.Release|Any CPU.Build.0 = Release|Any CPU
		{07D144E7-E4A7-410F-BA1E-91D67B01E976}.Debug|Any CPU.ActiveCfg = Debug|Any CPU
		{07D144E7-E4A7-410F-BA1E-91D67B01E976}.Debug|Any CPU.Build.0 = Debug|Any CPU
		{07D144E7-E4A7-410F-BA1E-91D67B01E976}.Release|Any CPU.ActiveCfg = Release|Any CPU
		{07D144E7-E4A7-410F-BA1E-91D67B01E976}.Release|Any CPU.Build.0 = Release|Any CPU
		{F010A518-EB33-4D76-97F3-65CA1D8766BA}.Debug|Any CPU.ActiveCfg = Debug|Any CPU
		{F010A518-EB33-4D76-97F3-65CA1D8766BA}.Debug|Any CPU.Build.0 = Debug|Any CPU
		{F010A518-EB33-4D76-97F3-65CA1D8766BA}.Release|Any CPU.ActiveCfg = Release|Any CPU
		{F010A518-EB33-4D76-97F3-65CA1D8766BA}.Release|Any CPU.Build.0 = Release|Any CPU
		{63FF828F-5143-4689-AA3F-6649D2A25F45}.Debug|Any CPU.ActiveCfg = Debug|Any CPU
		{63FF828F-5143-4689-AA3F-6649D2A25F45}.Debug|Any CPU.Build.0 = Debug|Any CPU
		{63FF828F-5143-4689-AA3F-6649D2A25F45}.Release|Any CPU.ActiveCfg = Release|Any CPU
		{63FF828F-5143-4689-AA3F-6649D2A25F45}.Release|Any CPU.Build.0 = Release|Any CPU
		{1846D8C5-B5EC-407B-8251-6E7587F9706C}.Debug|Any CPU.ActiveCfg = Debug|Any CPU
		{1846D8C5-B5EC-407B-8251-6E7587F9706C}.Debug|Any CPU.Build.0 = Debug|Any CPU
		{1846D8C5-B5EC-407B-8251-6E7587F9706C}.Release|Any CPU.ActiveCfg = Release|Any CPU
		{1846D8C5-B5EC-407B-8251-6E7587F9706C}.Release|Any CPU.Build.0 = Release|Any CPU
		{78BCFD79-E136-4ABC-B63E-67EC4760F79F}.Debug|Any CPU.ActiveCfg = Debug|Any CPU
		{78BCFD79-E136-4ABC-B63E-67EC4760F79F}.Debug|Any CPU.Build.0 = Debug|Any CPU
		{78BCFD79-E136-4ABC-B63E-67EC4760F79F}.Release|Any CPU.ActiveCfg = Release|Any CPU
		{78BCFD79-E136-4ABC-B63E-67EC4760F79F}.Release|Any CPU.Build.0 = Release|Any CPU
		{78D48636-5C17-4AF8-8818-F1F5ECDB198D}.Debug|Any CPU.ActiveCfg = Debug|Any CPU
		{78D48636-5C17-4AF8-8818-F1F5ECDB198D}.Debug|Any CPU.Build.0 = Debug|Any CPU
		{78D48636-5C17-4AF8-8818-F1F5ECDB198D}.Release|Any CPU.ActiveCfg = Release|Any CPU
		{78D48636-5C17-4AF8-8818-F1F5ECDB198D}.Release|Any CPU.Build.0 = Release|Any CPU
	EndGlobalSection
EndGlobal
