
Microsoft Visual Studio Solution File, Format Version 12.00
Project("{2150E333-8FDC-42A3-9474-1A3956D46DE8}") = "src", "src", "{A6016F2C-92DE-47A1-8EC9-1DB924D9AAEB}"
EndProject
Project("{2150E333-8FDC-42A3-9474-1A3956D46DE8}") = "test", "test", "{911A6857-282B-46A8-A375-8AC7CDC719F1}"
EndProject
Project("{2150E333-8FDC-42A3-9474-1A3956D46DE8}") = "apps", "apps", "{882F1C46-DFA6-46EF-9C93-26C4A0C62D0F}"
EndProject
Project("{FAE04EC0-301F-11D3-BF4B-00C04F79EFBC}") = "Addresses", "src\Addresses\Addresses.csproj", "{764E0BCE-5465-4772-B966-5E7865DD82E3}"
EndProject
Project("{FAE04EC0-301F-11D3-BF4B-00C04F79EFBC}") = "Shared", "src\Shared\Shared.csproj", "{71EA8109-2F78-485D-9ACA-93B2CAB69BA4}"
EndProject
Project("{FAE04EC0-301F-11D3-BF4B-00C04F79EFBC}") = "Addresses.Api", "apps\Addresses.Api\Addresses.Api.csproj", "{F560EFF4-EB51-4F3D-A0F8-6658A6A50257}"
EndProject
Project("{FAE04EC0-301F-11D3-BF4B-00C04F79EFBC}") = "Companies", "src\Companies\Companies.csproj", "{34966482-FFBE-46CB-8242-224622A2CA18}"
EndProject
Project("{FAE04EC0-301F-11D3-BF4B-00C04F79EFBC}") = "Companies.Api", "apps\Companies.Api\Companies.Api.csproj", "{CBF84DAD-EE00-4AE5-B3EC-402741B289C2}"
EndProject
Project("{2150E333-8FDC-42A3-9474-1A3956D46DE8}") = "src", "src", "{0E960D64-5DE1-433D-8456-B82244DA8E32}"
EndProject
Project("{2150E333-8FDC-42A3-9474-1A3956D46DE8}") = "apps", "apps", "{AC158A59-206F-421C-A848-73CC151E0E10}"
EndProject
Project("{FAE04EC0-301F-11D3-BF4B-00C04F79EFBC}") = "Test.Shared", "test\src\Test.Shared\Test.Shared.csproj", "{664A23F2-4814-4353-9F89-BBAFA183BFF6}"
EndProject
Project("{FAE04EC0-301F-11D3-BF4B-00C04F79EFBC}") = "Test.Companies", "test\src\Test.Companies\Test.Companies.csproj", "{2DD09A72-E088-4604-9B15-B1200E9039FE}"
EndProject
Project("{FAE04EC0-301F-11D3-BF4B-00C04F79EFBC}") = "Test.Addresses", "test\src\Test.Addresses\Test.Addresses.csproj", "{E5955AC9-64BB-4D1E-803F-FC7F20913470}"
EndProject
Project("{FAE04EC0-301F-11D3-BF4B-00C04F79EFBC}") = "Test.Companies.Api", "test\apps\Test.Companies.Api\Test.Companies.Api.csproj", "{F7F82E84-9957-4E9E-88DB-4F35A5B9DFA5}"
EndProject
Project("{FAE04EC0-301F-11D3-BF4B-00C04F79EFBC}") = "Test.Addresses.Api", "test\apps\Test.Addresses.Api\Test.Addresses.Api.csproj", "{1ADA2499-C929-4B2A-B4D9-9BEBC86C1284}"
EndProject
Project("{FAE04EC0-301F-11D3-BF4B-00C04F79EFBC}") = "Routes", "src\Routes\Routes.csproj", "{FFE8E61F-772B-408E-BB64-5EC028AF8C19}"
EndProject
Project("{FAE04EC0-301F-11D3-BF4B-00C04F79EFBC}") = "Routes.Api", "apps\Routes.Api\Routes.Api.csproj", "{77297997-78DF-454D-A547-DCE91B7915C7}"
EndProject
Project("{FAE04EC0-301F-11D3-BF4B-00C04F79EFBC}") = "Test.Routes", "test\src\Test.Routes\Test.Routes.csproj", "{9304863A-A61A-44EF-A33E-5B27E6D218FA}"
EndProject
Project("{FAE04EC0-301F-11D3-BF4B-00C04F79EFBC}") = "Test.Routes.Api", "test\apps\Test.Routes.Api\Test.Routes.Api.csproj", "{07D144E7-E4A7-410F-BA1E-91D67B01E976}"
EndProject
Project("{FAE04EC0-301F-11D3-BF4B-00C04F79EFBC}") = "Employees", "src\Employees\Employees.csproj", "{F010A518-EB33-4D76-97F3-65CA1D8766BA}"
EndProject
Project("{FAE04EC0-301F-11D3-BF4B-00C04F79EFBC}") = "Employees.Api", "apps\Employees.Api\Employees.Api.csproj", "{63FF828F-5143-4689-AA3F-6649D2A25F45}"
EndProject
Project("{2150E333-8FDC-42A3-9474-1A3956D46DE8}") = "k8s", "k8s", "{A177CB9E-FAB8-495D-AF00-AC9EC1DC4EC1}"
	ProjectSection(SolutionItems) = preProject
		k8s\local-pvc.yml = k8s\local-pvc.yml
		k8s\addresses-deploy.yml = k8s\addresses-deploy.yml
		k8s\ingress-service.yml = k8s\ingress-service.yml
		k8s\rabbitmq-deploy.yml = k8s\rabbitmq-deploy.yml
		k8s\companies-deploy.yml = k8s\companies-deploy.yml
		k8s\employees-deploy.yml = k8s\employees-deploy.yml
		k8s\routes-deploy.yml = k8s\routes-deploy.yml
		k8s\vehicles-deploy.yml = k8s\vehicles-deploy.yml
		k8s\staging_issuer.yml = k8s\staging_issuer.yml
		k8s\clients-deploy.yml = k8s\clients-deploy.yml
		k8s\bank-drafts-deploy.yml = k8s\bank-drafts-deploy.yml
		k8s\parcels-deploy.yml = k8s\parcels-deploy.yml
		k8s\tickets-deploy.yml = k8s\tickets-deploy.yml
		k8s\transport-sheets-deploy.yml = k8s\transport-sheets-deploy.yml
	EndProjectSection
EndProject
Project("{FAE04EC0-301F-11D3-BF4B-00C04F79EFBC}") = "Test.Employees", "test\src\Test.Employees\Test.Employees.csproj", "{1846D8C5-B5EC-407B-8251-6E7587F9706C}"
EndProject
Project("{FAE04EC0-301F-11D3-BF4B-00C04F79EFBC}") = "Vehicles", "src\Vehicles\Vehicles.csproj", "{78BCFD79-E136-4ABC-B63E-67EC4760F79F}"
EndProject
Project("{FAE04EC0-301F-11D3-BF4B-00C04F79EFBC}") = "Vehicles.Api", "apps\Vehicles.Api\Vehicles.Api.csproj", "{78D48636-5C17-4AF8-8818-F1F5ECDB198D}"
EndProject
Project("{FAE04EC0-301F-11D3-BF4B-00C04F79EFBC}") = "Test.Vehicles", "test\src\Test.Vehicles\Test.Vehicles.csproj", "{2268733F-A38C-4636-9312-EC9656928D6A}"
EndProject
Project("{FAE04EC0-301F-11D3-BF4B-00C04F79EFBC}") = "Test.Employees.Api", "test\apps\Test.Employees.Api\Test.Employees.Api.csproj", "{B9C79904-4FEB-40B4-BFE0-F18F08BE37BD}"
EndProject
Project("{FAE04EC0-301F-11D3-BF4B-00C04F79EFBC}") = "Clients", "src\Clients\Clients.csproj", "{C293A95F-FD68-499B-AC76-CAAAC63B2465}"
EndProject
Project("{FAE04EC0-301F-11D3-BF4B-00C04F79EFBC}") = "Clients.Api", "apps\Clients.Api\Clients.Api.csproj", "{8D7D1573-64B5-4706-9AED-9B1295D9AAA7}"
EndProject
Project("{FAE04EC0-301F-11D3-BF4B-00C04F79EFBC}") = "Test.Vehicles.Api", "test\apps\Test.Vehicles.Api\Test.Vehicles.Api.csproj", "{C390F6DF-E4F7-474B-9EED-54B75DDA4FFF}"
EndProject
Project("{FAE04EC0-301F-11D3-BF4B-00C04F79EFBC}") = "Test.Clients", "test\src\Test.Clients\Test.Clients.csproj", "{5A411B3E-EB1D-434E-9364-207F5E8605C5}"
EndProject
Project("{FAE04EC0-301F-11D3-BF4B-00C04F79EFBC}") = "BankDrafts", "src\BankDrafts\BankDrafts.csproj", "{4EF283AE-86D0-4E50-8547-EB697EA76DA1}"
EndProject
Project("{FAE04EC0-301F-11D3-BF4B-00C04F79EFBC}") = "BankDrafts.Api", "apps\BankDrafts.Api\BankDrafts.Api.csproj", "{8C6D760F-EF97-402A-92C3-1D39F7BF9FEF}"
EndProject
Project("{2150E333-8FDC-42A3-9474-1A3956D46DE8}") = "elk", "elk", "{F2220D10-9D10-4351-9934-601EE1CE1EA6}"
	ProjectSection(SolutionItems) = preProject
		k8s\elk\logging-deploy.yml = k8s\elk\logging-deploy.yml
	EndProjectSection
EndProject
Project("{2150E333-8FDC-42A3-9474-1A3956D46DE8}") = "db", "db", "{C01DD24D-28DF-4305-92DB-9C21BD1F8A1F}"
	ProjectSection(SolutionItems) = preProject
		k8s\db\posgres-deploy.yml = k8s\db\posgres-deploy.yml
	EndProjectSection
EndProject
Project("{FAE04EC0-301F-11D3-BF4B-00C04F79EFBC}") = "Test.Clients.Api", "test\apps\Test.Clients.Api\Test.Clients.Api.csproj", "{2248FEC6-0B6F-4C42-988C-241BBF7810A9}"
EndProject
Project("{FAE04EC0-301F-11D3-BF4B-00C04F79EFBC}") = "Test.BankDrafts", "test\src\Test.BankDrafts\Test.BankDrafts.csproj", "{05DE7090-BCC0-4712-B3D3-018733F3458B}"
EndProject
Project("{FAE04EC0-301F-11D3-BF4B-00C04F79EFBC}") = "Parcels", "src\Parcels\Parcels.csproj", "{6BEDD05C-318D-4BBF-A6AE-C895B4308F05}"
EndProject
Project("{FAE04EC0-301F-11D3-BF4B-00C04F79EFBC}") = "TransportSheets", "src\TransportSheets\TransportSheets.csproj", "{3D3A74BF-22AA-4542-BD4B-5908BA99A4D9}"
EndProject
Project("{FAE04EC0-301F-11D3-BF4B-00C04F79EFBC}") = "Tickets", "src\Tickets\Tickets.csproj", "{274BA0C5-24EC-40C1-AE2F-E15D610C8494}"
EndProject
Project("{FAE04EC0-301F-11D3-BF4B-00C04F79EFBC}") = "Parcels.Api", "apps\Parcels.Api\Parcels.Api.csproj", "{9C7E54F2-3DEA-4672-8B6B-474BABF1D591}"
EndProject
Project("{FAE04EC0-301F-11D3-BF4B-00C04F79EFBC}") = "Tickets.Api", "apps\Tickets.Api\Tickets.Api.csproj", "{F70B90FF-BF65-450D-A1E3-9269856DCECE}"
EndProject
Project("{FAE04EC0-301F-11D3-BF4B-00C04F79EFBC}") = "TransportSheets.Api", "apps\TransportSheets.Api\TransportSheets.Api.csproj", "{60CFD37E-2E76-46D8-AF04-6923BFFF5889}"
EndProject
Global
	GlobalSection(SolutionConfigurationPlatforms) = preSolution
		Debug|Any CPU = Debug|Any CPU
		Release|Any CPU = Release|Any CPU
	EndGlobalSection
	GlobalSection(NestedProjects) = preSolution
		{764E0BCE-5465-4772-B966-5E7865DD82E3} = {A6016F2C-92DE-47A1-8EC9-1DB924D9AAEB}
		{71EA8109-2F78-485D-9ACA-93B2CAB69BA4} = {A6016F2C-92DE-47A1-8EC9-1DB924D9AAEB}
		{F560EFF4-EB51-4F3D-A0F8-6658A6A50257} = {882F1C46-DFA6-46EF-9C93-26C4A0C62D0F}
		{34966482-FFBE-46CB-8242-224622A2CA18} = {A6016F2C-92DE-47A1-8EC9-1DB924D9AAEB}
		{CBF84DAD-EE00-4AE5-B3EC-402741B289C2} = {882F1C46-DFA6-46EF-9C93-26C4A0C62D0F}
		{0E960D64-5DE1-433D-8456-B82244DA8E32} = {911A6857-282B-46A8-A375-8AC7CDC719F1}
		{AC158A59-206F-421C-A848-73CC151E0E10} = {911A6857-282B-46A8-A375-8AC7CDC719F1}
		{664A23F2-4814-4353-9F89-BBAFA183BFF6} = {0E960D64-5DE1-433D-8456-B82244DA8E32}
		{2DD09A72-E088-4604-9B15-B1200E9039FE} = {0E960D64-5DE1-433D-8456-B82244DA8E32}
		{E5955AC9-64BB-4D1E-803F-FC7F20913470} = {0E960D64-5DE1-433D-8456-B82244DA8E32}
		{F7F82E84-9957-4E9E-88DB-4F35A5B9DFA5} = {AC158A59-206F-421C-A848-73CC151E0E10}
		{1ADA2499-C929-4B2A-B4D9-9BEBC86C1284} = {AC158A59-206F-421C-A848-73CC151E0E10}
		{FFE8E61F-772B-408E-BB64-5EC028AF8C19} = {A6016F2C-92DE-47A1-8EC9-1DB924D9AAEB}
		{77297997-78DF-454D-A547-DCE91B7915C7} = {882F1C46-DFA6-46EF-9C93-26C4A0C62D0F}
		{9304863A-A61A-44EF-A33E-5B27E6D218FA} = {0E960D64-5DE1-433D-8456-B82244DA8E32}
		{07D144E7-E4A7-410F-BA1E-91D67B01E976} = {AC158A59-206F-421C-A848-73CC151E0E10}
		{F010A518-EB33-4D76-97F3-65CA1D8766BA} = {A6016F2C-92DE-47A1-8EC9-1DB924D9AAEB}
		{63FF828F-5143-4689-AA3F-6649D2A25F45} = {882F1C46-DFA6-46EF-9C93-26C4A0C62D0F}
		{1846D8C5-B5EC-407B-8251-6E7587F9706C} = {0E960D64-5DE1-433D-8456-B82244DA8E32}
		{78BCFD79-E136-4ABC-B63E-67EC4760F79F} = {A6016F2C-92DE-47A1-8EC9-1DB924D9AAEB}
		{78D48636-5C17-4AF8-8818-F1F5ECDB198D} = {882F1C46-DFA6-46EF-9C93-26C4A0C62D0F}
		{2268733F-A38C-4636-9312-EC9656928D6A} = {0E960D64-5DE1-433D-8456-B82244DA8E32}
		{B9C79904-4FEB-40B4-BFE0-F18F08BE37BD} = {AC158A59-206F-421C-A848-73CC151E0E10}
		{C293A95F-FD68-499B-AC76-CAAAC63B2465} = {A6016F2C-92DE-47A1-8EC9-1DB924D9AAEB}
		{8D7D1573-64B5-4706-9AED-9B1295D9AAA7} = {882F1C46-DFA6-46EF-9C93-26C4A0C62D0F}
		{C390F6DF-E4F7-474B-9EED-54B75DDA4FFF} = {AC158A59-206F-421C-A848-73CC151E0E10}
		{5A411B3E-EB1D-434E-9364-207F5E8605C5} = {0E960D64-5DE1-433D-8456-B82244DA8E32}
		{4EF283AE-86D0-4E50-8547-EB697EA76DA1} = {A6016F2C-92DE-47A1-8EC9-1DB924D9AAEB}
		{8C6D760F-EF97-402A-92C3-1D39F7BF9FEF} = {882F1C46-DFA6-46EF-9C93-26C4A0C62D0F}
		{F2220D10-9D10-4351-9934-601EE1CE1EA6} = {A177CB9E-FAB8-495D-AF00-AC9EC1DC4EC1}
		{C01DD24D-28DF-4305-92DB-9C21BD1F8A1F} = {A177CB9E-FAB8-495D-AF00-AC9EC1DC4EC1}
		{2248FEC6-0B6F-4C42-988C-241BBF7810A9} = {AC158A59-206F-421C-A848-73CC151E0E10}
		{05DE7090-BCC0-4712-B3D3-018733F3458B} = {0E960D64-5DE1-433D-8456-B82244DA8E32}
		{6BEDD05C-318D-4BBF-A6AE-C895B4308F05} = {A6016F2C-92DE-47A1-8EC9-1DB924D9AAEB}
		{3D3A74BF-22AA-4542-BD4B-5908BA99A4D9} = {A6016F2C-92DE-47A1-8EC9-1DB924D9AAEB}
		{274BA0C5-24EC-40C1-AE2F-E15D610C8494} = {A6016F2C-92DE-47A1-8EC9-1DB924D9AAEB}
		{9C7E54F2-3DEA-4672-8B6B-474BABF1D591} = {882F1C46-DFA6-46EF-9C93-26C4A0C62D0F}
		{F70B90FF-BF65-450D-A1E3-9269856DCECE} = {882F1C46-DFA6-46EF-9C93-26C4A0C62D0F}
		{60CFD37E-2E76-46D8-AF04-6923BFFF5889} = {882F1C46-DFA6-46EF-9C93-26C4A0C62D0F}
	EndGlobalSection
	GlobalSection(ProjectConfigurationPlatforms) = postSolution
		{764E0BCE-5465-4772-B966-5E7865DD82E3}.Debug|Any CPU.ActiveCfg = Debug|Any CPU
		{764E0BCE-5465-4772-B966-5E7865DD82E3}.Debug|Any CPU.Build.0 = Debug|Any CPU
		{764E0BCE-5465-4772-B966-5E7865DD82E3}.Release|Any CPU.ActiveCfg = Release|Any CPU
		{764E0BCE-5465-4772-B966-5E7865DD82E3}.Release|Any CPU.Build.0 = Release|Any CPU
		{71EA8109-2F78-485D-9ACA-93B2CAB69BA4}.Debug|Any CPU.ActiveCfg = Debug|Any CPU
		{71EA8109-2F78-485D-9ACA-93B2CAB69BA4}.Debug|Any CPU.Build.0 = Debug|Any CPU
		{71EA8109-2F78-485D-9ACA-93B2CAB69BA4}.Release|Any CPU.ActiveCfg = Release|Any CPU
		{71EA8109-2F78-485D-9ACA-93B2CAB69BA4}.Release|Any CPU.Build.0 = Release|Any CPU
		{F560EFF4-EB51-4F3D-A0F8-6658A6A50257}.Debug|Any CPU.ActiveCfg = Debug|Any CPU
		{F560EFF4-EB51-4F3D-A0F8-6658A6A50257}.Debug|Any CPU.Build.0 = Debug|Any CPU
		{F560EFF4-EB51-4F3D-A0F8-6658A6A50257}.Release|Any CPU.ActiveCfg = Release|Any CPU
		{F560EFF4-EB51-4F3D-A0F8-6658A6A50257}.Release|Any CPU.Build.0 = Release|Any CPU
		{34966482-FFBE-46CB-8242-224622A2CA18}.Debug|Any CPU.ActiveCfg = Debug|Any CPU
		{34966482-FFBE-46CB-8242-224622A2CA18}.Debug|Any CPU.Build.0 = Debug|Any CPU
		{34966482-FFBE-46CB-8242-224622A2CA18}.Release|Any CPU.ActiveCfg = Release|Any CPU
		{34966482-FFBE-46CB-8242-224622A2CA18}.Release|Any CPU.Build.0 = Release|Any CPU
		{CBF84DAD-EE00-4AE5-B3EC-402741B289C2}.Debug|Any CPU.ActiveCfg = Debug|Any CPU
		{CBF84DAD-EE00-4AE5-B3EC-402741B289C2}.Debug|Any CPU.Build.0 = Debug|Any CPU
		{CBF84DAD-EE00-4AE5-B3EC-402741B289C2}.Release|Any CPU.ActiveCfg = Release|Any CPU
		{CBF84DAD-EE00-4AE5-B3EC-402741B289C2}.Release|Any CPU.Build.0 = Release|Any CPU
		{664A23F2-4814-4353-9F89-BBAFA183BFF6}.Debug|Any CPU.ActiveCfg = Debug|Any CPU
		{664A23F2-4814-4353-9F89-BBAFA183BFF6}.Debug|Any CPU.Build.0 = Debug|Any CPU
		{664A23F2-4814-4353-9F89-BBAFA183BFF6}.Release|Any CPU.ActiveCfg = Release|Any CPU
		{664A23F2-4814-4353-9F89-BBAFA183BFF6}.Release|Any CPU.Build.0 = Release|Any CPU
		{2DD09A72-E088-4604-9B15-B1200E9039FE}.Debug|Any CPU.ActiveCfg = Debug|Any CPU
		{2DD09A72-E088-4604-9B15-B1200E9039FE}.Debug|Any CPU.Build.0 = Debug|Any CPU
		{2DD09A72-E088-4604-9B15-B1200E9039FE}.Release|Any CPU.ActiveCfg = Release|Any CPU
		{2DD09A72-E088-4604-9B15-B1200E9039FE}.Release|Any CPU.Build.0 = Release|Any CPU
		{E5955AC9-64BB-4D1E-803F-FC7F20913470}.Debug|Any CPU.ActiveCfg = Debug|Any CPU
		{E5955AC9-64BB-4D1E-803F-FC7F20913470}.Debug|Any CPU.Build.0 = Debug|Any CPU
		{E5955AC9-64BB-4D1E-803F-FC7F20913470}.Release|Any CPU.ActiveCfg = Release|Any CPU
		{E5955AC9-64BB-4D1E-803F-FC7F20913470}.Release|Any CPU.Build.0 = Release|Any CPU
		{F7F82E84-9957-4E9E-88DB-4F35A5B9DFA5}.Debug|Any CPU.ActiveCfg = Debug|Any CPU
		{F7F82E84-9957-4E9E-88DB-4F35A5B9DFA5}.Debug|Any CPU.Build.0 = Debug|Any CPU
		{F7F82E84-9957-4E9E-88DB-4F35A5B9DFA5}.Release|Any CPU.ActiveCfg = Release|Any CPU
		{F7F82E84-9957-4E9E-88DB-4F35A5B9DFA5}.Release|Any CPU.Build.0 = Release|Any CPU
		{1ADA2499-C929-4B2A-B4D9-9BEBC86C1284}.Debug|Any CPU.ActiveCfg = Debug|Any CPU
		{1ADA2499-C929-4B2A-B4D9-9BEBC86C1284}.Debug|Any CPU.Build.0 = Debug|Any CPU
		{1ADA2499-C929-4B2A-B4D9-9BEBC86C1284}.Release|Any CPU.ActiveCfg = Release|Any CPU
		{1ADA2499-C929-4B2A-B4D9-9BEBC86C1284}.Release|Any CPU.Build.0 = Release|Any CPU
		{FFE8E61F-772B-408E-BB64-5EC028AF8C19}.Debug|Any CPU.ActiveCfg = Debug|Any CPU
		{FFE8E61F-772B-408E-BB64-5EC028AF8C19}.Debug|Any CPU.Build.0 = Debug|Any CPU
		{FFE8E61F-772B-408E-BB64-5EC028AF8C19}.Release|Any CPU.ActiveCfg = Release|Any CPU
		{FFE8E61F-772B-408E-BB64-5EC028AF8C19}.Release|Any CPU.Build.0 = Release|Any CPU
		{77297997-78DF-454D-A547-DCE91B7915C7}.Debug|Any CPU.ActiveCfg = Debug|Any CPU
		{77297997-78DF-454D-A547-DCE91B7915C7}.Debug|Any CPU.Build.0 = Debug|Any CPU
		{77297997-78DF-454D-A547-DCE91B7915C7}.Release|Any CPU.ActiveCfg = Release|Any CPU
		{77297997-78DF-454D-A547-DCE91B7915C7}.Release|Any CPU.Build.0 = Release|Any CPU
		{9304863A-A61A-44EF-A33E-5B27E6D218FA}.Debug|Any CPU.ActiveCfg = Debug|Any CPU
		{9304863A-A61A-44EF-A33E-5B27E6D218FA}.Debug|Any CPU.Build.0 = Debug|Any CPU
		{9304863A-A61A-44EF-A33E-5B27E6D218FA}.Release|Any CPU.ActiveCfg = Release|Any CPU
		{9304863A-A61A-44EF-A33E-5B27E6D218FA}.Release|Any CPU.Build.0 = Release|Any CPU
		{07D144E7-E4A7-410F-BA1E-91D67B01E976}.Debug|Any CPU.ActiveCfg = Debug|Any CPU
		{07D144E7-E4A7-410F-BA1E-91D67B01E976}.Debug|Any CPU.Build.0 = Debug|Any CPU
		{07D144E7-E4A7-410F-BA1E-91D67B01E976}.Release|Any CPU.ActiveCfg = Release|Any CPU
		{07D144E7-E4A7-410F-BA1E-91D67B01E976}.Release|Any CPU.Build.0 = Release|Any CPU
		{F010A518-EB33-4D76-97F3-65CA1D8766BA}.Debug|Any CPU.ActiveCfg = Debug|Any CPU
		{F010A518-EB33-4D76-97F3-65CA1D8766BA}.Debug|Any CPU.Build.0 = Debug|Any CPU
		{F010A518-EB33-4D76-97F3-65CA1D8766BA}.Release|Any CPU.ActiveCfg = Release|Any CPU
		{F010A518-EB33-4D76-97F3-65CA1D8766BA}.Release|Any CPU.Build.0 = Release|Any CPU
		{63FF828F-5143-4689-AA3F-6649D2A25F45}.Debug|Any CPU.ActiveCfg = Debug|Any CPU
		{63FF828F-5143-4689-AA3F-6649D2A25F45}.Debug|Any CPU.Build.0 = Debug|Any CPU
		{63FF828F-5143-4689-AA3F-6649D2A25F45}.Release|Any CPU.ActiveCfg = Release|Any CPU
		{63FF828F-5143-4689-AA3F-6649D2A25F45}.Release|Any CPU.Build.0 = Release|Any CPU
		{1846D8C5-B5EC-407B-8251-6E7587F9706C}.Debug|Any CPU.ActiveCfg = Debug|Any CPU
		{1846D8C5-B5EC-407B-8251-6E7587F9706C}.Debug|Any CPU.Build.0 = Debug|Any CPU
		{1846D8C5-B5EC-407B-8251-6E7587F9706C}.Release|Any CPU.ActiveCfg = Release|Any CPU
		{1846D8C5-B5EC-407B-8251-6E7587F9706C}.Release|Any CPU.Build.0 = Release|Any CPU
		{78BCFD79-E136-4ABC-B63E-67EC4760F79F}.Debug|Any CPU.ActiveCfg = Debug|Any CPU
		{78BCFD79-E136-4ABC-B63E-67EC4760F79F}.Debug|Any CPU.Build.0 = Debug|Any CPU
		{78BCFD79-E136-4ABC-B63E-67EC4760F79F}.Release|Any CPU.ActiveCfg = Release|Any CPU
		{78BCFD79-E136-4ABC-B63E-67EC4760F79F}.Release|Any CPU.Build.0 = Release|Any CPU
		{78D48636-5C17-4AF8-8818-F1F5ECDB198D}.Debug|Any CPU.ActiveCfg = Debug|Any CPU
		{78D48636-5C17-4AF8-8818-F1F5ECDB198D}.Debug|Any CPU.Build.0 = Debug|Any CPU
		{78D48636-5C17-4AF8-8818-F1F5ECDB198D}.Release|Any CPU.ActiveCfg = Release|Any CPU
		{78D48636-5C17-4AF8-8818-F1F5ECDB198D}.Release|Any CPU.Build.0 = Release|Any CPU
		{2268733F-A38C-4636-9312-EC9656928D6A}.Debug|Any CPU.ActiveCfg = Debug|Any CPU
		{2268733F-A38C-4636-9312-EC9656928D6A}.Debug|Any CPU.Build.0 = Debug|Any CPU
		{2268733F-A38C-4636-9312-EC9656928D6A}.Release|Any CPU.ActiveCfg = Release|Any CPU
		{2268733F-A38C-4636-9312-EC9656928D6A}.Release|Any CPU.Build.0 = Release|Any CPU
		{B9C79904-4FEB-40B4-BFE0-F18F08BE37BD}.Debug|Any CPU.ActiveCfg = Debug|Any CPU
		{B9C79904-4FEB-40B4-BFE0-F18F08BE37BD}.Debug|Any CPU.Build.0 = Debug|Any CPU
		{B9C79904-4FEB-40B4-BFE0-F18F08BE37BD}.Release|Any CPU.ActiveCfg = Release|Any CPU
		{B9C79904-4FEB-40B4-BFE0-F18F08BE37BD}.Release|Any CPU.Build.0 = Release|Any CPU
		{C293A95F-FD68-499B-AC76-CAAAC63B2465}.Debug|Any CPU.ActiveCfg = Debug|Any CPU
		{C293A95F-FD68-499B-AC76-CAAAC63B2465}.Debug|Any CPU.Build.0 = Debug|Any CPU
		{C293A95F-FD68-499B-AC76-CAAAC63B2465}.Release|Any CPU.ActiveCfg = Release|Any CPU
		{C293A95F-FD68-499B-AC76-CAAAC63B2465}.Release|Any CPU.Build.0 = Release|Any CPU
		{8D7D1573-64B5-4706-9AED-9B1295D9AAA7}.Debug|Any CPU.ActiveCfg = Debug|Any CPU
		{8D7D1573-64B5-4706-9AED-9B1295D9AAA7}.Debug|Any CPU.Build.0 = Debug|Any CPU
		{8D7D1573-64B5-4706-9AED-9B1295D9AAA7}.Release|Any CPU.ActiveCfg = Release|Any CPU
		{8D7D1573-64B5-4706-9AED-9B1295D9AAA7}.Release|Any CPU.Build.0 = Release|Any CPU
		{C390F6DF-E4F7-474B-9EED-54B75DDA4FFF}.Debug|Any CPU.ActiveCfg = Debug|Any CPU
		{C390F6DF-E4F7-474B-9EED-54B75DDA4FFF}.Debug|Any CPU.Build.0 = Debug|Any CPU
		{C390F6DF-E4F7-474B-9EED-54B75DDA4FFF}.Release|Any CPU.ActiveCfg = Release|Any CPU
		{C390F6DF-E4F7-474B-9EED-54B75DDA4FFF}.Release|Any CPU.Build.0 = Release|Any CPU
		{5A411B3E-EB1D-434E-9364-207F5E8605C5}.Debug|Any CPU.ActiveCfg = Debug|Any CPU
		{5A411B3E-EB1D-434E-9364-207F5E8605C5}.Debug|Any CPU.Build.0 = Debug|Any CPU
		{5A411B3E-EB1D-434E-9364-207F5E8605C5}.Release|Any CPU.ActiveCfg = Release|Any CPU
		{5A411B3E-EB1D-434E-9364-207F5E8605C5}.Release|Any CPU.Build.0 = Release|Any CPU
		{4EF283AE-86D0-4E50-8547-EB697EA76DA1}.Debug|Any CPU.ActiveCfg = Debug|Any CPU
		{4EF283AE-86D0-4E50-8547-EB697EA76DA1}.Debug|Any CPU.Build.0 = Debug|Any CPU
		{4EF283AE-86D0-4E50-8547-EB697EA76DA1}.Release|Any CPU.ActiveCfg = Release|Any CPU
		{4EF283AE-86D0-4E50-8547-EB697EA76DA1}.Release|Any CPU.Build.0 = Release|Any CPU
		{8C6D760F-EF97-402A-92C3-1D39F7BF9FEF}.Debug|Any CPU.ActiveCfg = Debug|Any CPU
		{8C6D760F-EF97-402A-92C3-1D39F7BF9FEF}.Debug|Any CPU.Build.0 = Debug|Any CPU
		{8C6D760F-EF97-402A-92C3-1D39F7BF9FEF}.Release|Any CPU.ActiveCfg = Release|Any CPU
		{8C6D760F-EF97-402A-92C3-1D39F7BF9FEF}.Release|Any CPU.Build.0 = Release|Any CPU
		{2248FEC6-0B6F-4C42-988C-241BBF7810A9}.Debug|Any CPU.ActiveCfg = Debug|Any CPU
		{2248FEC6-0B6F-4C42-988C-241BBF7810A9}.Debug|Any CPU.Build.0 = Debug|Any CPU
		{2248FEC6-0B6F-4C42-988C-241BBF7810A9}.Release|Any CPU.ActiveCfg = Release|Any CPU
		{2248FEC6-0B6F-4C42-988C-241BBF7810A9}.Release|Any CPU.Build.0 = Release|Any CPU
		{05DE7090-BCC0-4712-B3D3-018733F3458B}.Debug|Any CPU.ActiveCfg = Debug|Any CPU
		{05DE7090-BCC0-4712-B3D3-018733F3458B}.Debug|Any CPU.Build.0 = Debug|Any CPU
		{05DE7090-BCC0-4712-B3D3-018733F3458B}.Release|Any CPU.ActiveCfg = Release|Any CPU
		{05DE7090-BCC0-4712-B3D3-018733F3458B}.Release|Any CPU.Build.0 = Release|Any CPU
		{6BEDD05C-318D-4BBF-A6AE-C895B4308F05}.Debug|Any CPU.ActiveCfg = Debug|Any CPU
		{6BEDD05C-318D-4BBF-A6AE-C895B4308F05}.Debug|Any CPU.Build.0 = Debug|Any CPU
		{6BEDD05C-318D-4BBF-A6AE-C895B4308F05}.Release|Any CPU.ActiveCfg = Release|Any CPU
		{6BEDD05C-318D-4BBF-A6AE-C895B4308F05}.Release|Any CPU.Build.0 = Release|Any CPU
		{3D3A74BF-22AA-4542-BD4B-5908BA99A4D9}.Debug|Any CPU.ActiveCfg = Debug|Any CPU
		{3D3A74BF-22AA-4542-BD4B-5908BA99A4D9}.Debug|Any CPU.Build.0 = Debug|Any CPU
		{3D3A74BF-22AA-4542-BD4B-5908BA99A4D9}.Release|Any CPU.ActiveCfg = Release|Any CPU
		{3D3A74BF-22AA-4542-BD4B-5908BA99A4D9}.Release|Any CPU.Build.0 = Release|Any CPU
		{274BA0C5-24EC-40C1-AE2F-E15D610C8494}.Debug|Any CPU.ActiveCfg = Debug|Any CPU
		{274BA0C5-24EC-40C1-AE2F-E15D610C8494}.Debug|Any CPU.Build.0 = Debug|Any CPU
		{274BA0C5-24EC-40C1-AE2F-E15D610C8494}.Release|Any CPU.ActiveCfg = Release|Any CPU
		{274BA0C5-24EC-40C1-AE2F-E15D610C8494}.Release|Any CPU.Build.0 = Release|Any CPU
		{9C7E54F2-3DEA-4672-8B6B-474BABF1D591}.Debug|Any CPU.ActiveCfg = Debug|Any CPU
		{9C7E54F2-3DEA-4672-8B6B-474BABF1D591}.Debug|Any CPU.Build.0 = Debug|Any CPU
		{9C7E54F2-3DEA-4672-8B6B-474BABF1D591}.Release|Any CPU.ActiveCfg = Release|Any CPU
		{9C7E54F2-3DEA-4672-8B6B-474BABF1D591}.Release|Any CPU.Build.0 = Release|Any CPU
		{F70B90FF-BF65-450D-A1E3-9269856DCECE}.Debug|Any CPU.ActiveCfg = Debug|Any CPU
		{F70B90FF-BF65-450D-A1E3-9269856DCECE}.Debug|Any CPU.Build.0 = Debug|Any CPU
		{F70B90FF-BF65-450D-A1E3-9269856DCECE}.Release|Any CPU.ActiveCfg = Release|Any CPU
		{F70B90FF-BF65-450D-A1E3-9269856DCECE}.Release|Any CPU.Build.0 = Release|Any CPU
		{60CFD37E-2E76-46D8-AF04-6923BFFF5889}.Debug|Any CPU.ActiveCfg = Debug|Any CPU
		{60CFD37E-2E76-46D8-AF04-6923BFFF5889}.Debug|Any CPU.Build.0 = Debug|Any CPU
		{60CFD37E-2E76-46D8-AF04-6923BFFF5889}.Release|Any CPU.ActiveCfg = Release|Any CPU
		{60CFD37E-2E76-46D8-AF04-6923BFFF5889}.Release|Any CPU.Build.0 = Release|Any CPU
	EndGlobalSection
EndGlobal
