
Microsoft Visual Studio Solution File, Format Version 12.00
Project("{2150E333-8FDC-42A3-9474-1A3956D46DE8}") = "src", "src", "{A6016F2C-92DE-47A1-8EC9-1DB924D9AAEB}"
EndProject
Project("{2150E333-8FDC-42A3-9474-1A3956D46DE8}") = "test", "test", "{911A6857-282B-46A8-A375-8AC7CDC719F1}"
	ProjectSection(SolutionItems) = preProject
		test\.gitkeep = test\.gitkeep
	EndProjectSection
EndProject
Project("{2150E333-8FDC-42A3-9474-1A3956D46DE8}") = "apps", "apps", "{882F1C46-DFA6-46EF-9C93-26C4A0C62D0F}"
EndProject
Project("{FAE04EC0-301F-11D3-BF4B-00C04F79EFBC}") = "Addresses", "src\Addresses\Addresses.csproj", "{764E0BCE-5465-4772-B966-5E7865DD82E3}"
EndProject
Project("{FAE04EC0-301F-11D3-BF4B-00C04F79EFBC}") = "Shared", "src\Shared\Shared.csproj", "{71EA8109-2F78-485D-9ACA-93B2CAB69BA4}"
EndProject
Project("{FAE04EC0-301F-11D3-BF4B-00C04F79EFBC}") = "Addresses.Api", "apps\Addresses.Api\Addresses.Api.csproj", "{F560EFF4-EB51-4F3D-A0F8-6658A6A50257}"
EndProject
Project("{FAE04EC0-301F-11D3-BF4B-00C04F79EFBC}") = "Companies", "src\Companies\Companies.csproj", "{34966482-FFBE-46CB-8242-224622A2CA18}"
EndProject
Project("{FAE04EC0-301F-11D3-BF4B-00C04F79EFBC}") = "Companies.Api", "apps\Companies.Api\Companies.Api.csproj", "{CBF84DAD-EE00-4AE5-B3EC-402741B289C2}"
EndProject
Global
	GlobalSection(SolutionConfigurationPlatforms) = preSolution
		Debug|Any CPU = Debug|Any CPU
		Release|Any CPU = Release|Any CPU
	EndGlobalSection
	GlobalSection(NestedProjects) = preSolution
		{764E0BCE-5465-4772-B966-5E7865DD82E3} = {A6016F2C-92DE-47A1-8EC9-1DB924D9AAEB}
		{71EA8109-2F78-485D-9ACA-93B2CAB69BA4} = {A6016F2C-92DE-47A1-8EC9-1DB924D9AAEB}
		{F560EFF4-EB51-4F3D-A0F8-6658A6A50257} = {882F1C46-DFA6-46EF-9C93-26C4A0C62D0F}
		{34966482-FFBE-46CB-8242-224622A2CA18} = {A6016F2C-92DE-47A1-8EC9-1DB924D9AAEB}
		{CBF84DAD-EE00-4AE5-B3EC-402741B289C2} = {882F1C46-DFA6-46EF-9C93-26C4A0C62D0F}
	EndGlobalSection
	GlobalSection(ProjectConfigurationPlatforms) = postSolution
		{764E0BCE-5465-4772-B966-5E7865DD82E3}.Debug|Any CPU.ActiveCfg = Debug|Any CPU
		{764E0BCE-5465-4772-B966-5E7865DD82E3}.Debug|Any CPU.Build.0 = Debug|Any CPU
		{764E0BCE-5465-4772-B966-5E7865DD82E3}.Release|Any CPU.ActiveCfg = Release|Any CPU
		{764E0BCE-5465-4772-B966-5E7865DD82E3}.Release|Any CPU.Build.0 = Release|Any CPU
		{71EA8109-2F78-485D-9ACA-93B2CAB69BA4}.Debug|Any CPU.ActiveCfg = Debug|Any CPU
		{71EA8109-2F78-485D-9ACA-93B2CAB69BA4}.Debug|Any CPU.Build.0 = Debug|Any CPU
		{71EA8109-2F78-485D-9ACA-93B2CAB69BA4}.Release|Any CPU.ActiveCfg = Release|Any CPU
		{71EA8109-2F78-485D-9ACA-93B2CAB69BA4}.Release|Any CPU.Build.0 = Release|Any CPU
		{F560EFF4-EB51-4F3D-A0F8-6658A6A50257}.Debug|Any CPU.ActiveCfg = Debug|Any CPU
		{F560EFF4-EB51-4F3D-A0F8-6658A6A50257}.Debug|Any CPU.Build.0 = Debug|Any CPU
		{F560EFF4-EB51-4F3D-A0F8-6658A6A50257}.Release|Any CPU.ActiveCfg = Release|Any CPU
		{F560EFF4-EB51-4F3D-A0F8-6658A6A50257}.Release|Any CPU.Build.0 = Release|Any CPU
		{34966482-FFBE-46CB-8242-224622A2CA18}.Debug|Any CPU.ActiveCfg = Debug|Any CPU
		{34966482-FFBE-46CB-8242-224622A2CA18}.Debug|Any CPU.Build.0 = Debug|Any CPU
		{34966482-FFBE-46CB-8242-224622A2CA18}.Release|Any CPU.ActiveCfg = Release|Any CPU
		{34966482-FFBE-46CB-8242-224622A2CA18}.Release|Any CPU.Build.0 = Release|Any CPU
		{CBF84DAD-EE00-4AE5-B3EC-402741B289C2}.Debug|Any CPU.ActiveCfg = Debug|Any CPU
		{CBF84DAD-EE00-4AE5-B3EC-402741B289C2}.Debug|Any CPU.Build.0 = Debug|Any CPU
		{CBF84DAD-EE00-4AE5-B3EC-402741B289C2}.Release|Any CPU.ActiveCfg = Release|Any CPU
		{CBF84DAD-EE00-4AE5-B3EC-402741B289C2}.Release|Any CPU.Build.0 = Release|Any CPU
	EndGlobalSection
EndGlobal
